
Microsoft Visual Studio Solution File, Format Version 12.00
# Visual Studio Version 17
VisualStudioVersion = 17.9.34407.89
MinimumVisualStudioVersion = 10.0.40219.1
Project("{FAE04EC0-301F-11D3-BF4B-00C04F79EFBC}") = "ModalPopupTest", "ModalPopupTest\ModalPopupTest.csproj", "{1CE3993D-7B13-4A32-99E2-C1D681BAE70E}"
EndProject
Global
	GlobalSection(SolutionConfigurationPlatforms) = preSolution
		Debug|Any CPU = Debug|Any CPU
		Release|Any CPU = Release|Any CPU
	EndGlobalSection
	GlobalSection(ProjectConfigurationPlatforms) = postSolution
		{1CE3993D-7B13-4A32-99E2-C1D681BAE70E}.Debug|Any CPU.ActiveCfg = Debug|Any CPU
		{1CE3993D-7B13-4A32-99E2-C1D681BAE70E}.Debug|Any CPU.Build.0 = Debug|Any CPU
		{1CE3993D-7B13-4A32-99E2-C1D681BAE70E}.Debug|Any CPU.Deploy.0 = Debug|Any CPU
		{1CE3993D-7B13-4A32-99E2-C1D681BAE70E}.Release|Any CPU.ActiveCfg = Release|Any CPU
		{1CE3993D-7B13-4A32-99E2-C1D681BAE70E}.Release|Any CPU.Build.0 = Release|Any CPU
		{1CE3993D-7B13-4A32-99E2-C1D681BAE70E}.Release|Any CPU.Deploy.0 = Release|Any CPU
	EndGlobalSection
	GlobalSection(SolutionProperties) = preSolution
		HideSolutionNode = FALSE
	EndGlobalSection
	GlobalSection(ExtensibilityGlobals) = postSolution
		SolutionGuid = {3FCB90CD-F513-46B5-BFF5-0672B4337047}
	EndGlobalSection
EndGlobal
